
Microsoft Visual Studio Solution File, Format Version 12.00
# Visual Studio Version 16
VisualStudioVersion = 16.0.30204.135
MinimumVisualStudioVersion = 10.0.40219.1
Project("{2150E333-8FDC-42A3-9474-1A3956D46DE8}") = "src", "src", "{D1A2829B-CA10-41C0-997B-E2255C5536FA}"
EndProject
Project("{2150E333-8FDC-42A3-9474-1A3956D46DE8}") = "Tests", "Tests", "{1ABD8763-AE00-4DB0-802B-7034D1E8A5A8}"
EndProject
Project("{FAE04EC0-301F-11D3-BF4B-00C04F79EFBC}") = "Controltest", "Tests\Controltest\Controltest.csproj", "{74172593-5CCA-4478-A029-DE46029D50CE}"
EndProject
Project("{FAE04EC0-301F-11D3-BF4B-00C04F79EFBC}") = "Hjmos.CommonControls", "src\Hjmos.CommonControls\Hjmos.CommonControls.csproj", "{20A16B94-760F-44E4-A68D-866DDA2E6E57}"
EndProject
Project("{FAE04EC0-301F-11D3-BF4B-00C04F79EFBC}") = "Hjmos.BaseControls", "src\Hjmos.BaseControls\Hjmos.BaseControls.csproj", "{BE79252B-7C0C-43A2-87A7-74901FB739EF}"
EndProject
Project("{FAE04EC0-301F-11D3-BF4B-00C04F79EFBC}") = "LiveCharts", "src\LiveCharts\LiveCharts.csproj", "{81203923-1260-4074-9666-535159155604}"
EndProject
Project("{FAE04EC0-301F-11D3-BF4B-00C04F79EFBC}") = "LiveCharts.WPF", "src\LiveCharts.WPF\LiveCharts.WPF.csproj", "{36942B3B-124C-4F21-BD10-69579E88DD21}"
EndProject
Global
	GlobalSection(SolutionConfigurationPlatforms) = preSolution
		Debug|Any CPU = Debug|Any CPU
		Release|Any CPU = Release|Any CPU
	EndGlobalSection
	GlobalSection(ProjectConfigurationPlatforms) = postSolution
		{74172593-5CCA-4478-A029-DE46029D50CE}.Debug|Any CPU.ActiveCfg = Debug|Any CPU
		{74172593-5CCA-4478-A029-DE46029D50CE}.Debug|Any CPU.Build.0 = Debug|Any CPU
		{74172593-5CCA-4478-A029-DE46029D50CE}.Release|Any CPU.ActiveCfg = Release|Any CPU
		{74172593-5CCA-4478-A029-DE46029D50CE}.Release|Any CPU.Build.0 = Release|Any CPU
		{20A16B94-760F-44E4-A68D-866DDA2E6E57}.Debug|Any CPU.ActiveCfg = Debug|Any CPU
		{20A16B94-760F-44E4-A68D-866DDA2E6E57}.Debug|Any CPU.Build.0 = Debug|Any CPU
		{20A16B94-760F-44E4-A68D-866DDA2E6E57}.Release|Any CPU.ActiveCfg = Release|Any CPU
		{20A16B94-760F-44E4-A68D-866DDA2E6E57}.Release|Any CPU.Build.0 = Release|Any CPU
		{BE79252B-7C0C-43A2-87A7-74901FB739EF}.Debug|Any CPU.ActiveCfg = Debug|Any CPU
		{BE79252B-7C0C-43A2-87A7-74901FB739EF}.Debug|Any CPU.Build.0 = Debug|Any CPU
		{BE79252B-7C0C-43A2-87A7-74901FB739EF}.Release|Any CPU.ActiveCfg = Release|Any CPU
		{BE79252B-7C0C-43A2-87A7-74901FB739EF}.Release|Any CPU.Build.0 = Release|Any CPU
		{81203923-1260-4074-9666-535159155604}.Debug|Any CPU.ActiveCfg = Debug|Any CPU
		{81203923-1260-4074-9666-535159155604}.Debug|Any CPU.Build.0 = Debug|Any CPU
		{81203923-1260-4074-9666-535159155604}.Release|Any CPU.ActiveCfg = Release|Any CPU
		{81203923-1260-4074-9666-535159155604}.Release|Any CPU.Build.0 = Release|Any CPU
		{36942B3B-124C-4F21-BD10-69579E88DD21}.Debug|Any CPU.ActiveCfg = Debug|Any CPU
		{36942B3B-124C-4F21-BD10-69579E88DD21}.Debug|Any CPU.Build.0 = Debug|Any CPU
		{36942B3B-124C-4F21-BD10-69579E88DD21}.Release|Any CPU.ActiveCfg = Release|Any CPU
		{36942B3B-124C-4F21-BD10-69579E88DD21}.Release|Any CPU.Build.0 = Release|Any CPU
	EndGlobalSection
	GlobalSection(SolutionProperties) = preSolution
		HideSolutionNode = FALSE
	EndGlobalSection
	GlobalSection(NestedProjects) = preSolution
		{74172593-5CCA-4478-A029-DE46029D50CE} = {1ABD8763-AE00-4DB0-802B-7034D1E8A5A8}
		{20A16B94-760F-44E4-A68D-866DDA2E6E57} = {D1A2829B-CA10-41C0-997B-E2255C5536FA}
		{BE79252B-7C0C-43A2-87A7-74901FB739EF} = {D1A2829B-CA10-41C0-997B-E2255C5536FA}
		{81203923-1260-4074-9666-535159155604} = {D1A2829B-CA10-41C0-997B-E2255C5536FA}
		{36942B3B-124C-4F21-BD10-69579E88DD21} = {D1A2829B-CA10-41C0-997B-E2255C5536FA}
	EndGlobalSection
	GlobalSection(ExtensibilityGlobals) = postSolution
		SolutionGuid = {015BA3E1-CA9C-46CF-8039-765B8AD2C281}
	EndGlobalSection
EndGlobal
