
Microsoft Visual Studio Solution File, Format Version 12.00
# Visual Studio Version 17
VisualStudioVersion = 17.0.32014.148
MinimumVisualStudioVersion = 10.0.40219.1
Project("{2150E333-8FDC-42A3-9474-1A3956D46DE8}") = "src", "src", "{D1A2829B-CA10-41C0-997B-E2255C5536FA}"
EndProject
Project("{2150E333-8FDC-42A3-9474-1A3956D46DE8}") = "Tests", "Tests", "{1ABD8763-AE00-4DB0-802B-7034D1E8A5A8}"
EndProject
Project("{FAE04EC0-301F-11D3-BF4B-00C04F79EFBC}") = "Hjmos.CommonControls", "src\Hjmos.CommonControls\Hjmos.CommonControls.csproj", "{20A16B94-760F-44E4-A68D-866DDA2E6E57}"
EndProject
Project("{FAE04EC0-301F-11D3-BF4B-00C04F79EFBC}") = "Hjmos.BaseControls", "src\Hjmos.BaseControls\Hjmos.BaseControls.csproj", "{BE79252B-7C0C-43A2-87A7-74901FB739EF}"
EndProject
Project("{FAE04EC0-301F-11D3-BF4B-00C04F79EFBC}") = "LiveCharts", "src\LiveCharts\LiveCharts.csproj", "{81203923-1260-4074-9666-535159155604}"
EndProject
Project("{FAE04EC0-301F-11D3-BF4B-00C04F79EFBC}") = "LiveCharts.WPF", "src\LiveCharts.WPF\LiveCharts.WPF.csproj", "{36942B3B-124C-4F21-BD10-69579E88DD21}"
EndProject
Project("{FAE04EC0-301F-11D3-BF4B-00C04F79EFBC}") = "Hjmos.CustomCharts", "src\Hjmos.CustomCharts\Hjmos.CustomCharts.csproj", "{7F06FE95-DB32-4DF0-B1BC-4D83451516BB}"
EndProject
Project("{2150E333-8FDC-42A3-9474-1A3956D46DE8}") = "Demo", "Demo", "{C3944A72-85AA-471C-BFC7-023517F8FFCB}"
EndProject
Project("{9A19103F-16F7-4668-BE54-9A1E7A4F7556}") = "WpfWorkflowDemo", "Demo\WpfWorkflowDemo\WpfWorkflowDemo.csproj", "{E5060913-D139-4788-9DE3-0BBC2BAFF52B}"
EndProject
Project("{9A19103F-16F7-4668-BE54-9A1E7A4F7556}") = "WorkflowDemo", "Demo\WorkflowDemo\WorkflowDemo.csproj", "{7CFE8623-296D-4DAE-8AF7-41F82064B098}"
EndProject
Project("{9A19103F-16F7-4668-BE54-9A1E7A4F7556}") = "WpfApp3", "Demo\WpfApp3\WpfApp3.csproj", "{7C13EF75-78B7-4897-81FF-168C346BD2AA}"
EndProject
Project("{9A19103F-16F7-4668-BE54-9A1E7A4F7556}") = "UtilityLibraries", "Demo\UtilityLibraries\UtilityLibraries.csproj", "{6C10EEB3-22B8-4311-AECF-D86D3D2A03D7}"
EndProject
Project("{9A19103F-16F7-4668-BE54-9A1E7A4F7556}") = "StringLibraryTests", "Tests\StringLibraryTests\StringLibraryTests\StringLibraryTests.csproj", "{E5FDD3BC-F400-4D56-8417-83E8A030363A}"
EndProject
Project("{9A19103F-16F7-4668-BE54-9A1E7A4F7556}") = "TaskDemo", "Demo\TaskDemo\TaskDemo.csproj", "{A83A27B1-26DF-48A7-894B-B80E6ED1941C}"
EndProject
Project("{9A19103F-16F7-4668-BE54-9A1E7A4F7556}") = "HarmonyDemo", "Demo\HarmonyDemo\HarmonyDemo.csproj", "{9CDB70E3-3140-4C7A-805B-BE56EED637C1}"
EndProject
Project("{9A19103F-16F7-4668-BE54-9A1E7A4F7556}") = "Harmony", "Demo\Harmony\Harmony.csproj", "{966A288D-52D8-4A1A-B815-01EF617A098A}"
EndProject
Project("{9A19103F-16F7-4668-BE54-9A1E7A4F7556}") = "PDFDemo", "Demo\PDFDemo\PDFDemo.csproj", "{E2B5C3F7-5573-4AB5-88DC-F694FD2F233B}"
EndProject
Project("{9A19103F-16F7-4668-BE54-9A1E7A4F7556}") = "CefSharpDemo", "Demo\CefSharpDemo\CefSharpDemo.csproj", "{15B0C35C-DD39-4950-ACC6-AE4488A8CD3C}"
EndProject
Project("{9A19103F-16F7-4668-BE54-9A1E7A4F7556}") = "CefSharpDemoPrism", "Demo\CefSharpDemoPrism\CefSharpDemoPrism.csproj", "{69D160B5-A374-4965-9BBE-2B6EDBB60876}"
EndProject
Project("{FAE04EC0-301F-11D3-BF4B-00C04F79EFBC}") = "Controltest", "Demo\Controltest\Controltest.csproj", "{74172593-5CCA-4478-A029-DE46029D50CE}"
EndProject
Global
	GlobalSection(SolutionConfigurationPlatforms) = preSolution
		Debug|Any CPU = Debug|Any CPU
		Debug|x64 = Debug|x64
		Release|Any CPU = Release|Any CPU
		Release|x64 = Release|x64
	EndGlobalSection
	GlobalSection(ProjectConfigurationPlatforms) = postSolution
		{20A16B94-760F-44E4-A68D-866DDA2E6E57}.Debug|Any CPU.ActiveCfg = Debug|Any CPU
		{20A16B94-760F-44E4-A68D-866DDA2E6E57}.Debug|Any CPU.Build.0 = Debug|Any CPU
		{20A16B94-760F-44E4-A68D-866DDA2E6E57}.Debug|x64.ActiveCfg = Debug|x64
		{20A16B94-760F-44E4-A68D-866DDA2E6E57}.Debug|x64.Build.0 = Debug|x64
		{20A16B94-760F-44E4-A68D-866DDA2E6E57}.Release|Any CPU.ActiveCfg = Release|Any CPU
		{20A16B94-760F-44E4-A68D-866DDA2E6E57}.Release|Any CPU.Build.0 = Release|Any CPU
		{20A16B94-760F-44E4-A68D-866DDA2E6E57}.Release|x64.ActiveCfg = Release|x64
		{20A16B94-760F-44E4-A68D-866DDA2E6E57}.Release|x64.Build.0 = Release|x64
		{BE79252B-7C0C-43A2-87A7-74901FB739EF}.Debug|Any CPU.ActiveCfg = Debug|Any CPU
		{BE79252B-7C0C-43A2-87A7-74901FB739EF}.Debug|Any CPU.Build.0 = Debug|Any CPU
		{BE79252B-7C0C-43A2-87A7-74901FB739EF}.Debug|x64.ActiveCfg = Debug|Any CPU
		{BE79252B-7C0C-43A2-87A7-74901FB739EF}.Debug|x64.Build.0 = Debug|Any CPU
		{BE79252B-7C0C-43A2-87A7-74901FB739EF}.Release|Any CPU.ActiveCfg = Release|Any CPU
		{BE79252B-7C0C-43A2-87A7-74901FB739EF}.Release|Any CPU.Build.0 = Release|Any CPU
		{BE79252B-7C0C-43A2-87A7-74901FB739EF}.Release|x64.ActiveCfg = Release|Any CPU
		{BE79252B-7C0C-43A2-87A7-74901FB739EF}.Release|x64.Build.0 = Release|Any CPU
		{81203923-1260-4074-9666-535159155604}.Debug|Any CPU.ActiveCfg = Debug|Any CPU
		{81203923-1260-4074-9666-535159155604}.Debug|Any CPU.Build.0 = Debug|Any CPU
		{81203923-1260-4074-9666-535159155604}.Debug|x64.ActiveCfg = Debug|Any CPU
		{81203923-1260-4074-9666-535159155604}.Debug|x64.Build.0 = Debug|Any CPU
		{81203923-1260-4074-9666-535159155604}.Release|Any CPU.ActiveCfg = Release|Any CPU
		{81203923-1260-4074-9666-535159155604}.Release|Any CPU.Build.0 = Release|Any CPU
		{81203923-1260-4074-9666-535159155604}.Release|x64.ActiveCfg = Release|Any CPU
		{81203923-1260-4074-9666-535159155604}.Release|x64.Build.0 = Release|Any CPU
		{36942B3B-124C-4F21-BD10-69579E88DD21}.Debug|Any CPU.ActiveCfg = Debug|Any CPU
		{36942B3B-124C-4F21-BD10-69579E88DD21}.Debug|Any CPU.Build.0 = Debug|Any CPU
		{36942B3B-124C-4F21-BD10-69579E88DD21}.Debug|x64.ActiveCfg = Debug|Any CPU
		{36942B3B-124C-4F21-BD10-69579E88DD21}.Debug|x64.Build.0 = Debug|Any CPU
		{36942B3B-124C-4F21-BD10-69579E88DD21}.Release|Any CPU.ActiveCfg = Release|Any CPU
		{36942B3B-124C-4F21-BD10-69579E88DD21}.Release|Any CPU.Build.0 = Release|Any CPU
		{36942B3B-124C-4F21-BD10-69579E88DD21}.Release|x64.ActiveCfg = Release|Any CPU
		{36942B3B-124C-4F21-BD10-69579E88DD21}.Release|x64.Build.0 = Release|Any CPU
		{7F06FE95-DB32-4DF0-B1BC-4D83451516BB}.Debug|Any CPU.ActiveCfg = Debug|Any CPU
		{7F06FE95-DB32-4DF0-B1BC-4D83451516BB}.Debug|Any CPU.Build.0 = Debug|Any CPU
		{7F06FE95-DB32-4DF0-B1BC-4D83451516BB}.Debug|x64.ActiveCfg = Debug|Any CPU
		{7F06FE95-DB32-4DF0-B1BC-4D83451516BB}.Debug|x64.Build.0 = Debug|Any CPU
		{7F06FE95-DB32-4DF0-B1BC-4D83451516BB}.Release|Any CPU.ActiveCfg = Release|Any CPU
		{7F06FE95-DB32-4DF0-B1BC-4D83451516BB}.Release|Any CPU.Build.0 = Release|Any CPU
		{7F06FE95-DB32-4DF0-B1BC-4D83451516BB}.Release|x64.ActiveCfg = Release|Any CPU
		{7F06FE95-DB32-4DF0-B1BC-4D83451516BB}.Release|x64.Build.0 = Release|Any CPU
		{E5060913-D139-4788-9DE3-0BBC2BAFF52B}.Debug|Any CPU.ActiveCfg = Debug|Any CPU
		{E5060913-D139-4788-9DE3-0BBC2BAFF52B}.Debug|Any CPU.Build.0 = Debug|Any CPU
		{E5060913-D139-4788-9DE3-0BBC2BAFF52B}.Debug|x64.ActiveCfg = Debug|Any CPU
		{E5060913-D139-4788-9DE3-0BBC2BAFF52B}.Debug|x64.Build.0 = Debug|Any CPU
		{E5060913-D139-4788-9DE3-0BBC2BAFF52B}.Release|Any CPU.ActiveCfg = Release|Any CPU
		{E5060913-D139-4788-9DE3-0BBC2BAFF52B}.Release|Any CPU.Build.0 = Release|Any CPU
		{E5060913-D139-4788-9DE3-0BBC2BAFF52B}.Release|x64.ActiveCfg = Release|Any CPU
		{E5060913-D139-4788-9DE3-0BBC2BAFF52B}.Release|x64.Build.0 = Release|Any CPU
		{7CFE8623-296D-4DAE-8AF7-41F82064B098}.Debug|Any CPU.ActiveCfg = Debug|Any CPU
		{7CFE8623-296D-4DAE-8AF7-41F82064B098}.Debug|Any CPU.Build.0 = Debug|Any CPU
		{7CFE8623-296D-4DAE-8AF7-41F82064B098}.Debug|x64.ActiveCfg = Debug|Any CPU
		{7CFE8623-296D-4DAE-8AF7-41F82064B098}.Debug|x64.Build.0 = Debug|Any CPU
		{7CFE8623-296D-4DAE-8AF7-41F82064B098}.Release|Any CPU.ActiveCfg = Release|Any CPU
		{7CFE8623-296D-4DAE-8AF7-41F82064B098}.Release|Any CPU.Build.0 = Release|Any CPU
		{7CFE8623-296D-4DAE-8AF7-41F82064B098}.Release|x64.ActiveCfg = Release|Any CPU
		{7CFE8623-296D-4DAE-8AF7-41F82064B098}.Release|x64.Build.0 = Release|Any CPU
		{7C13EF75-78B7-4897-81FF-168C346BD2AA}.Debug|Any CPU.ActiveCfg = Debug|Any CPU
		{7C13EF75-78B7-4897-81FF-168C346BD2AA}.Debug|Any CPU.Build.0 = Debug|Any CPU
		{7C13EF75-78B7-4897-81FF-168C346BD2AA}.Debug|x64.ActiveCfg = Debug|Any CPU
		{7C13EF75-78B7-4897-81FF-168C346BD2AA}.Debug|x64.Build.0 = Debug|Any CPU
		{7C13EF75-78B7-4897-81FF-168C346BD2AA}.Release|Any CPU.ActiveCfg = Release|Any CPU
		{7C13EF75-78B7-4897-81FF-168C346BD2AA}.Release|Any CPU.Build.0 = Release|Any CPU
		{7C13EF75-78B7-4897-81FF-168C346BD2AA}.Release|x64.ActiveCfg = Release|Any CPU
		{7C13EF75-78B7-4897-81FF-168C346BD2AA}.Release|x64.Build.0 = Release|Any CPU
		{6C10EEB3-22B8-4311-AECF-D86D3D2A03D7}.Debug|Any CPU.ActiveCfg = Debug|Any CPU
		{6C10EEB3-22B8-4311-AECF-D86D3D2A03D7}.Debug|Any CPU.Build.0 = Debug|Any CPU
		{6C10EEB3-22B8-4311-AECF-D86D3D2A03D7}.Debug|x64.ActiveCfg = Debug|Any CPU
		{6C10EEB3-22B8-4311-AECF-D86D3D2A03D7}.Debug|x64.Build.0 = Debug|Any CPU
		{6C10EEB3-22B8-4311-AECF-D86D3D2A03D7}.Release|Any CPU.ActiveCfg = Release|Any CPU
		{6C10EEB3-22B8-4311-AECF-D86D3D2A03D7}.Release|Any CPU.Build.0 = Release|Any CPU
		{6C10EEB3-22B8-4311-AECF-D86D3D2A03D7}.Release|x64.ActiveCfg = Release|Any CPU
		{6C10EEB3-22B8-4311-AECF-D86D3D2A03D7}.Release|x64.Build.0 = Release|Any CPU
		{E5FDD3BC-F400-4D56-8417-83E8A030363A}.Debug|Any CPU.ActiveCfg = Debug|Any CPU
		{E5FDD3BC-F400-4D56-8417-83E8A030363A}.Debug|Any CPU.Build.0 = Debug|Any CPU
		{E5FDD3BC-F400-4D56-8417-83E8A030363A}.Debug|x64.ActiveCfg = Debug|Any CPU
		{E5FDD3BC-F400-4D56-8417-83E8A030363A}.Debug|x64.Build.0 = Debug|Any CPU
		{E5FDD3BC-F400-4D56-8417-83E8A030363A}.Release|Any CPU.ActiveCfg = Release|Any CPU
		{E5FDD3BC-F400-4D56-8417-83E8A030363A}.Release|Any CPU.Build.0 = Release|Any CPU
		{E5FDD3BC-F400-4D56-8417-83E8A030363A}.Release|x64.ActiveCfg = Release|Any CPU
		{E5FDD3BC-F400-4D56-8417-83E8A030363A}.Release|x64.Build.0 = Release|Any CPU
		{A83A27B1-26DF-48A7-894B-B80E6ED1941C}.Debug|Any CPU.ActiveCfg = Debug|Any CPU
		{A83A27B1-26DF-48A7-894B-B80E6ED1941C}.Debug|Any CPU.Build.0 = Debug|Any CPU
		{A83A27B1-26DF-48A7-894B-B80E6ED1941C}.Debug|x64.ActiveCfg = Debug|Any CPU
		{A83A27B1-26DF-48A7-894B-B80E6ED1941C}.Debug|x64.Build.0 = Debug|Any CPU
		{A83A27B1-26DF-48A7-894B-B80E6ED1941C}.Release|Any CPU.ActiveCfg = Release|Any CPU
		{A83A27B1-26DF-48A7-894B-B80E6ED1941C}.Release|Any CPU.Build.0 = Release|Any CPU
		{A83A27B1-26DF-48A7-894B-B80E6ED1941C}.Release|x64.ActiveCfg = Release|Any CPU
		{A83A27B1-26DF-48A7-894B-B80E6ED1941C}.Release|x64.Build.0 = Release|Any CPU
		{9CDB70E3-3140-4C7A-805B-BE56EED637C1}.Debug|Any CPU.ActiveCfg = Debug|Any CPU
		{9CDB70E3-3140-4C7A-805B-BE56EED637C1}.Debug|Any CPU.Build.0 = Debug|Any CPU
		{9CDB70E3-3140-4C7A-805B-BE56EED637C1}.Debug|x64.ActiveCfg = Debug|Any CPU
		{9CDB70E3-3140-4C7A-805B-BE56EED637C1}.Debug|x64.Build.0 = Debug|Any CPU
		{9CDB70E3-3140-4C7A-805B-BE56EED637C1}.Release|Any CPU.ActiveCfg = Release|Any CPU
		{9CDB70E3-3140-4C7A-805B-BE56EED637C1}.Release|Any CPU.Build.0 = Release|Any CPU
		{9CDB70E3-3140-4C7A-805B-BE56EED637C1}.Release|x64.ActiveCfg = Release|Any CPU
		{9CDB70E3-3140-4C7A-805B-BE56EED637C1}.Release|x64.Build.0 = Release|Any CPU
		{966A288D-52D8-4A1A-B815-01EF617A098A}.Debug|Any CPU.ActiveCfg = Debug|Any CPU
		{966A288D-52D8-4A1A-B815-01EF617A098A}.Debug|Any CPU.Build.0 = Debug|Any CPU
		{966A288D-52D8-4A1A-B815-01EF617A098A}.Debug|x64.ActiveCfg = Debug|Any CPU
		{966A288D-52D8-4A1A-B815-01EF617A098A}.Debug|x64.Build.0 = Debug|Any CPU
		{966A288D-52D8-4A1A-B815-01EF617A098A}.Release|Any CPU.ActiveCfg = Release|Any CPU
		{966A288D-52D8-4A1A-B815-01EF617A098A}.Release|Any CPU.Build.0 = Release|Any CPU
		{966A288D-52D8-4A1A-B815-01EF617A098A}.Release|x64.ActiveCfg = Release|Any CPU
		{966A288D-52D8-4A1A-B815-01EF617A098A}.Release|x64.Build.0 = Release|Any CPU
		{E2B5C3F7-5573-4AB5-88DC-F694FD2F233B}.Debug|Any CPU.ActiveCfg = Debug|Any CPU
		{E2B5C3F7-5573-4AB5-88DC-F694FD2F233B}.Debug|Any CPU.Build.0 = Debug|Any CPU
		{E2B5C3F7-5573-4AB5-88DC-F694FD2F233B}.Debug|x64.ActiveCfg = Debug|Any CPU
		{E2B5C3F7-5573-4AB5-88DC-F694FD2F233B}.Debug|x64.Build.0 = Debug|Any CPU
		{E2B5C3F7-5573-4AB5-88DC-F694FD2F233B}.Release|Any CPU.ActiveCfg = Release|Any CPU
		{E2B5C3F7-5573-4AB5-88DC-F694FD2F233B}.Release|Any CPU.Build.0 = Release|Any CPU
		{E2B5C3F7-5573-4AB5-88DC-F694FD2F233B}.Release|x64.ActiveCfg = Release|Any CPU
		{E2B5C3F7-5573-4AB5-88DC-F694FD2F233B}.Release|x64.Build.0 = Release|Any CPU
		{15B0C35C-DD39-4950-ACC6-AE4488A8CD3C}.Debug|Any CPU.ActiveCfg = Debug|Any CPU
		{15B0C35C-DD39-4950-ACC6-AE4488A8CD3C}.Debug|Any CPU.Build.0 = Debug|Any CPU
		{15B0C35C-DD39-4950-ACC6-AE4488A8CD3C}.Debug|x64.ActiveCfg = Debug|Any CPU
		{15B0C35C-DD39-4950-ACC6-AE4488A8CD3C}.Debug|x64.Build.0 = Debug|Any CPU
		{15B0C35C-DD39-4950-ACC6-AE4488A8CD3C}.Release|Any CPU.ActiveCfg = Release|Any CPU
		{15B0C35C-DD39-4950-ACC6-AE4488A8CD3C}.Release|Any CPU.Build.0 = Release|Any CPU
		{15B0C35C-DD39-4950-ACC6-AE4488A8CD3C}.Release|x64.ActiveCfg = Release|Any CPU
		{15B0C35C-DD39-4950-ACC6-AE4488A8CD3C}.Release|x64.Build.0 = Release|Any CPU
		{69D160B5-A374-4965-9BBE-2B6EDBB60876}.Debug|Any CPU.ActiveCfg = Debug|Any CPU
		{69D160B5-A374-4965-9BBE-2B6EDBB60876}.Debug|Any CPU.Build.0 = Debug|Any CPU
		{69D160B5-A374-4965-9BBE-2B6EDBB60876}.Debug|x64.ActiveCfg = Debug|Any CPU
		{69D160B5-A374-4965-9BBE-2B6EDBB60876}.Debug|x64.Build.0 = Debug|Any CPU
		{69D160B5-A374-4965-9BBE-2B6EDBB60876}.Release|Any CPU.ActiveCfg = Release|Any CPU
		{69D160B5-A374-4965-9BBE-2B6EDBB60876}.Release|Any CPU.Build.0 = Release|Any CPU
		{69D160B5-A374-4965-9BBE-2B6EDBB60876}.Release|x64.ActiveCfg = Release|Any CPU
		{69D160B5-A374-4965-9BBE-2B6EDBB60876}.Release|x64.Build.0 = Release|Any CPU
		{74172593-5CCA-4478-A029-DE46029D50CE}.Debug|Any CPU.ActiveCfg = Debug|Any CPU
		{74172593-5CCA-4478-A029-DE46029D50CE}.Debug|Any CPU.Build.0 = Debug|Any CPU
		{74172593-5CCA-4478-A029-DE46029D50CE}.Debug|x64.ActiveCfg = Debug|x64
		{74172593-5CCA-4478-A029-DE46029D50CE}.Debug|x64.Build.0 = Debug|x64
		{74172593-5CCA-4478-A029-DE46029D50CE}.Release|Any CPU.ActiveCfg = Release|Any CPU
		{74172593-5CCA-4478-A029-DE46029D50CE}.Release|Any CPU.Build.0 = Release|Any CPU
		{74172593-5CCA-4478-A029-DE46029D50CE}.Release|x64.ActiveCfg = Release|x64
		{74172593-5CCA-4478-A029-DE46029D50CE}.Release|x64.Build.0 = Release|x64
	EndGlobalSection
	GlobalSection(SolutionProperties) = preSolution
		HideSolutionNode = FALSE
	EndGlobalSection
	GlobalSection(NestedProjects) = preSolution
		{20A16B94-760F-44E4-A68D-866DDA2E6E57} = {D1A2829B-CA10-41C0-997B-E2255C5536FA}
		{BE79252B-7C0C-43A2-87A7-74901FB739EF} = {D1A2829B-CA10-41C0-997B-E2255C5536FA}
		{81203923-1260-4074-9666-535159155604} = {D1A2829B-CA10-41C0-997B-E2255C5536FA}
		{36942B3B-124C-4F21-BD10-69579E88DD21} = {D1A2829B-CA10-41C0-997B-E2255C5536FA}
		{7F06FE95-DB32-4DF0-B1BC-4D83451516BB} = {D1A2829B-CA10-41C0-997B-E2255C5536FA}
		{E5060913-D139-4788-9DE3-0BBC2BAFF52B} = {C3944A72-85AA-471C-BFC7-023517F8FFCB}
		{7CFE8623-296D-4DAE-8AF7-41F82064B098} = {C3944A72-85AA-471C-BFC7-023517F8FFCB}
		{7C13EF75-78B7-4897-81FF-168C346BD2AA} = {C3944A72-85AA-471C-BFC7-023517F8FFCB}
		{6C10EEB3-22B8-4311-AECF-D86D3D2A03D7} = {C3944A72-85AA-471C-BFC7-023517F8FFCB}
		{E5FDD3BC-F400-4D56-8417-83E8A030363A} = {1ABD8763-AE00-4DB0-802B-7034D1E8A5A8}
		{A83A27B1-26DF-48A7-894B-B80E6ED1941C} = {C3944A72-85AA-471C-BFC7-023517F8FFCB}
		{9CDB70E3-3140-4C7A-805B-BE56EED637C1} = {C3944A72-85AA-471C-BFC7-023517F8FFCB}
		{966A288D-52D8-4A1A-B815-01EF617A098A} = {C3944A72-85AA-471C-BFC7-023517F8FFCB}
		{E2B5C3F7-5573-4AB5-88DC-F694FD2F233B} = {C3944A72-85AA-471C-BFC7-023517F8FFCB}
		{15B0C35C-DD39-4950-ACC6-AE4488A8CD3C} = {C3944A72-85AA-471C-BFC7-023517F8FFCB}
		{69D160B5-A374-4965-9BBE-2B6EDBB60876} = {C3944A72-85AA-471C-BFC7-023517F8FFCB}
		{74172593-5CCA-4478-A029-DE46029D50CE} = {C3944A72-85AA-471C-BFC7-023517F8FFCB}
	EndGlobalSection
	GlobalSection(ExtensibilityGlobals) = postSolution
		SolutionGuid = {015BA3E1-CA9C-46CF-8039-765B8AD2C281}
	EndGlobalSection
EndGlobal
